{
  "nodes": {
    "nixpkgs": {
      "locked": {
        "lastModified": 1755732046,
        "narHash": "sha256-/nLzONImArdR86uzkwb4yvUVBep13Vt26Ws+cAp0pJs=",
        "owner": "NixOS",
        "repo": "nixpkgs",
        "rev": "277da230a03fa7516e324c89668f62cb71c7dcf5",
        "type": "github"
      },
      "original": {
        "owner": "NixOS",
        "repo": "nixpkgs",
        "type": "github"
      }
    },
    "root": {
      "inputs": {
        "nixpkgs": "nixpkgs"
      }
    }
  },
  "root": "root",
  "version": 7
}
